// !$*UTF8*$!
{
	archiveVersion = 1;
	classes = {
	};
	objectVersion = 46;
	objects = {

/* Begin PBXBuildFile section */
		365A13C5EC49CF2EBF171684 /* Pods_PickerViewTest.framework in Frameworks */ = {isa = PBXBuildFile; fileRef = FD52F8733D65850E43AC7CD9 /* Pods_PickerViewTest.framework */; };
		B28295461C883D9F0088A6B3 /* AppDelegate.swift in Sources */ = {isa = PBXBuildFile; fileRef = B28295451C883D9F0088A6B3 /* AppDelegate.swift */; };
		B282954D1C883D9F0088A6B3 /* Assets.xcassets in Resources */ = {isa = PBXBuildFile; fileRef = B282954C1C883D9F0088A6B3 /* Assets.xcassets */; };
		B28295501C883D9F0088A6B3 /* LaunchScreen.storyboard in Resources */ = {isa = PBXBuildFile; fileRef = B282954E1C883D9F0088A6B3 /* LaunchScreen.storyboard */; };
		B28295581C883DC10088A6B3 /* MainTVC.swift in Sources */ = {isa = PBXBuildFile; fileRef = B28295571C883DC10088A6B3 /* MainTVC.swift */; };
		B282955A1C883DD00088A6B3 /* MainCell.swift in Sources */ = {isa = PBXBuildFile; fileRef = B28295591C883DD00088A6B3 /* MainCell.swift */; };
		B2A580491C9C18C3000A58A9 /* LandingVC.swift in Sources */ = {isa = PBXBuildFile; fileRef = B2A580481C9C18C3000A58A9 /* LandingVC.swift */; };
		B2A5804D1C9C1AF2000A58A9 /* SecondVC.swift in Sources */ = {isa = PBXBuildFile; fileRef = B2A5804C1C9C1AF2000A58A9 /* SecondVC.swift */; };
/* End PBXBuildFile section */

/* Begin PBXFileReference section */
		B28295421C883D9F0088A6B3 /* PickerViewTest.app */ = {isa = PBXFileReference; explicitFileType = wrapper.application; includeInIndex = 0; path = PickerViewTest.app; sourceTree = BUILT_PRODUCTS_DIR; };
		B28295451C883D9F0088A6B3 /* AppDelegate.swift */ = {isa = PBXFileReference; lastKnownFileType = sourcecode.swift; path = AppDelegate.swift; sourceTree = "<group>"; };
		B282954C1C883D9F0088A6B3 /* Assets.xcassets */ = {isa = PBXFileReference; lastKnownFileType = folder.assetcatalog; path = Assets.xcassets; sourceTree = "<group>"; };
		B282954F1C883D9F0088A6B3 /* Base */ = {isa = PBXFileReference; lastKnownFileType = file.storyboard; name = Base; path = Base.lproj/LaunchScreen.storyboard; sourceTree = "<group>"; };
		B28295511C883D9F0088A6B3 /* Info.plist */ = {isa = PBXFileReference; lastKnownFileType = text.plist.xml; path = Info.plist; sourceTree = "<group>"; };
		B28295571C883DC10088A6B3 /* MainTVC.swift */ = {isa = PBXFileReference; fileEncoding = 4; lastKnownFileType = sourcecode.swift; path = MainTVC.swift; sourceTree = "<group>"; };
		B28295591C883DD00088A6B3 /* MainCell.swift */ = {isa = PBXFileReference; fileEncoding = 4; lastKnownFileType = sourcecode.swift; path = MainCell.swift; sourceTree = "<group>"; };
		B2A580481C9C18C3000A58A9 /* LandingVC.swift */ = {isa = PBXFileReference; fileEncoding = 4; lastKnownFileType = sourcecode.swift; path = LandingVC.swift; sourceTree = "<group>"; };
		B2A5804C1C9C1AF2000A58A9 /* SecondVC.swift */ = {isa = PBXFileReference; fileEncoding = 4; lastKnownFileType = sourcecode.swift; path = SecondVC.swift; sourceTree = "<group>"; };
		D4BA9A1A5CD05DFE7F843B45 /* Pods-PickerViewTest.debug.xcconfig */ = {isa = PBXFileReference; includeInIndex = 1; lastKnownFileType = text.xcconfig; name = "Pods-PickerViewTest.debug.xcconfig"; path = "Pods/Target Support Files/Pods-PickerViewTest/Pods-PickerViewTest.debug.xcconfig"; sourceTree = "<group>"; };
		FC390081AED26E52E87700DA /* Pods-PickerViewTest.release.xcconfig */ = {isa = PBXFileReference; includeInIndex = 1; lastKnownFileType = text.xcconfig; name = "Pods-PickerViewTest.release.xcconfig"; path = "Pods/Target Support Files/Pods-PickerViewTest/Pods-PickerViewTest.release.xcconfig"; sourceTree = "<group>"; };
		FD52F8733D65850E43AC7CD9 /* Pods_PickerViewTest.framework */ = {isa = PBXFileReference; explicitFileType = wrapper.framework; includeInIndex = 0; path = Pods_PickerViewTest.framework; sourceTree = BUILT_PRODUCTS_DIR; };
/* End PBXFileReference section */

/* Begin PBXFrameworksBuildPhase section */
		B282953F1C883D9F0088A6B3 /* Frameworks */ = {
			isa = PBXFrameworksBuildPhase;
			buildActionMask = 2147483647;
			files = (
				365A13C5EC49CF2EBF171684 /* Pods_PickerViewTest.framework in Frameworks */,
			);
			runOnlyForDeploymentPostprocessing = 0;
		};
/* End PBXFrameworksBuildPhase section */

/* Begin PBXGroup section */
		005BDF814BC5F84B995DE304 /* Frameworks */ = {
			isa = PBXGroup;
			children = (
				FD52F8733D65850E43AC7CD9 /* Pods_PickerViewTest.framework */,
			);
			name = Frameworks;
			sourceTree = "<group>";
		};
		3679B50A2E45CE6E1DDDB973 /* Pods */ = {
			isa = PBXGroup;
			children = (
				D4BA9A1A5CD05DFE7F843B45 /* Pods-PickerViewTest.debug.xcconfig */,
				FC390081AED26E52E87700DA /* Pods-PickerViewTest.release.xcconfig */,
			);
			name = Pods;
			sourceTree = "<group>";
		};
		B28295391C883D9F0088A6B3 = {
			isa = PBXGroup;
			children = (
				B28295441C883D9F0088A6B3 /* PickerViewTest */,
				B28295431C883D9F0088A6B3 /* Products */,
				3679B50A2E45CE6E1DDDB973 /* Pods */,
				005BDF814BC5F84B995DE304 /* Frameworks */,
			);
			sourceTree = "<group>";
		};
		B28295431C883D9F0088A6B3 /* Products */ = {
			isa = PBXGroup;
			children = (
				B28295421C883D9F0088A6B3 /* PickerViewTest.app */,
			);
			name = Products;
			sourceTree = "<group>";
		};
		B28295441C883D9F0088A6B3 /* PickerViewTest */ = {
			isa = PBXGroup;
			children = (
				B28295451C883D9F0088A6B3 /* AppDelegate.swift */,
				B2A5804B1C9C1AD6000A58A9 /* View */,
				B2A5804A1C9C1AC3000A58A9 /* Controller */,
				B282954C1C883D9F0088A6B3 /* Assets.xcassets */,
				B282954E1C883D9F0088A6B3 /* LaunchScreen.storyboard */,
				B28295511C883D9F0088A6B3 /* Info.plist */,
			);
			path = PickerViewTest;
			sourceTree = "<group>";
		};
		B2A5804A1C9C1AC3000A58A9 /* Controller */ = {
			isa = PBXGroup;
			children = (
				B2A580481C9C18C3000A58A9 /* LandingVC.swift */,
				B28295571C883DC10088A6B3 /* MainTVC.swift */,
				B2A5804C1C9C1AF2000A58A9 /* SecondVC.swift */,
			);
			name = Controller;
			sourceTree = "<group>";
		};
		B2A5804B1C9C1AD6000A58A9 /* View */ = {
			isa = PBXGroup;
			children = (
				B28295591C883DD00088A6B3 /* MainCell.swift */,
			);
			name = View;
			sourceTree = "<group>";
		};
/* End PBXGroup section */

/* Begin PBXNativeTarget section */
		B28295411C883D9F0088A6B3 /* PickerViewTest */ = {
			isa = PBXNativeTarget;
			buildConfigurationList = B28295541C883D9F0088A6B3 /* Build configuration list for PBXNativeTarget "PickerViewTest" */;
			buildPhases = (
				1270598870FE5CE760EE0F14 /* Check Pods Manifest.lock */,
				B282953E1C883D9F0088A6B3 /* Sources */,
				B282953F1C883D9F0088A6B3 /* Frameworks */,
				B28295401C883D9F0088A6B3 /* Resources */,
				C3D759BD479A1D70CD2BFA0B /* Embed Pods Frameworks */,
				08D3725C31367E7CECFBCA34 /* Copy Pods Resources */,
			);
			buildRules = (
			);
			dependencies = (
			);
			name = PickerViewTest;
			productName = PickerViewTest;
			productReference = B28295421C883D9F0088A6B3 /* PickerViewTest.app */;
			productType = "com.apple.product-type.application";
		};
/* End PBXNativeTarget section */

/* Begin PBXProject section */
		B282953A1C883D9F0088A6B3 /* Project object */ = {
			isa = PBXProject;
			attributes = {
				LastSwiftUpdateCheck = 0720;
				LastUpgradeCheck = 0720;
				ORGANIZATIONNAME = JohnnyKetchup;
				TargetAttributes = {
					B28295411C883D9F0088A6B3 = {
						CreatedOnToolsVersion = 7.2.1;
					};
				};
			};
			buildConfigurationList = B282953D1C883D9F0088A6B3 /* Build configuration list for PBXProject "PickerViewTest" */;
			compatibilityVersion = "Xcode 3.2";
			developmentRegion = English;
			hasScannedForEncodings = 0;
			knownRegions = (
				en,
				Base,
			);
			mainGroup = B28295391C883D9F0088A6B3;
			productRefGroup = B28295431C883D9F0088A6B3 /* Products */;
			projectDirPath = "";
			projectRoot = "";
			targets = (
				B28295411C883D9F0088A6B3 /* PickerViewTest */,
			);
		};
/* End PBXProject section */

/* Begin PBXResourcesBuildPhase section */
		B28295401C883D9F0088A6B3 /* Resources */ = {
			isa = PBXResourcesBuildPhase;
			buildActionMask = 2147483647;
			files = (
				B28295501C883D9F0088A6B3 /* LaunchScreen.storyboard in Resources */,
				B282954D1C883D9F0088A6B3 /* Assets.xcassets in Resources */,
			);
			runOnlyForDeploymentPostprocessing = 0;
		};
/* End PBXResourcesBuildPhase section */

/* Begin PBXShellScriptBuildPhase section */
		08D3725C31367E7CECFBCA34 /* Copy Pods Resources */ = {
			isa = PBXShellScriptBuildPhase;
			buildActionMask = 2147483647;
			files = (
			);
			inputPaths = (
			);
			name = "Copy Pods Resources";
			outputPaths = (
			);
			runOnlyForDeploymentPostprocessing = 0;
			shellPath = /bin/sh;
			shellScript = "\"${SRCROOT}/Pods/Target Support Files/Pods-PickerViewTest/Pods-PickerViewTest-resources.sh\"\n";
			showEnvVarsInLog = 0;
		};
		1270598870FE5CE760EE0F14 /* Check Pods Manifest.lock */ = {
			isa = PBXShellScriptBuildPhase;
			buildActionMask = 2147483647;
			files = (
			);
			inputPaths = (
			);
			name = "Check Pods Manifest.lock";
			outputPaths = (
			);
			runOnlyForDeploymentPostprocessing = 0;
			shellPath = /bin/sh;
			shellScript = "diff \"${PODS_ROOT}/../Podfile.lock\" \"${PODS_ROOT}/Manifest.lock\" > /dev/null\nif [[ $? != 0 ]] ; then\n    cat << EOM\nerror: The sandbox is not in sync with the Podfile.lock. Run 'pod install' or update your CocoaPods installation.\nEOM\n    exit 1\nfi\n";
			showEnvVarsInLog = 0;
		};
		C3D759BD479A1D70CD2BFA0B /* Embed Pods Frameworks */ = {
			isa = PBXShellScriptBuildPhase;
			buildActionMask = 2147483647;
			files = (
			);
			inputPaths = (
			);
			name = "Embed Pods Frameworks";
			outputPaths = (
			);
			runOnlyForDeploymentPostprocessing = 0;
			shellPath = /bin/sh;
			shellScript = "\"${SRCROOT}/Pods/Target Support Files/Pods-PickerViewTest/Pods-PickerViewTest-frameworks.sh\"\n";
			showEnvVarsInLog = 0;
		};
/* End PBXShellScriptBuildPhase section */

/* Begin PBXSourcesBuildPhase section */
		B282953E1C883D9F0088A6B3 /* Sources */ = {
			isa = PBXSourcesBuildPhase;
			buildActionMask = 2147483647;
			files = (
				B2A580491C9C18C3000A58A9 /* LandingVC.swift in Sources */,
				B2A5804D1C9C1AF2000A58A9 /* SecondVC.swift in Sources */,
				B28295581C883DC10088A6B3 /* MainTVC.swift in Sources */,
				B28295461C883D9F0088A6B3 /* AppDelegate.swift in Sources */,
				B282955A1C883DD00088A6B3 /* MainCell.swift in Sources */,
			);
			runOnlyForDeploymentPostprocessing = 0;
		};
/* End PBXSourcesBuildPhase section */

/* Begin PBXVariantGroup section */
		B282954E1C883D9F0088A6B3 /* LaunchScreen.storyboard */ = {
			isa = PBXVariantGroup;
			children = (
				B282954F1C883D9F0088A6B3 /* Base */,
			);
			name = LaunchScreen.storyboard;
			sourceTree = "<group>";
		};
/* End PBXVariantGroup section */

/* Begin XCBuildConfiguration section */
		B28295521C883D9F0088A6B3 /* Debug */ = {
			isa = XCBuildConfiguration;
			buildSettings = {
				ALWAYS_SEARCH_USER_PATHS = NO;
				CLANG_CXX_LANGUAGE_STANDARD = "gnu++0x";
				CLANG_CXX_LIBRARY = "libc++";
				CLANG_ENABLE_MODULES = YES;
				CLANG_ENABLE_OBJC_ARC = YES;
				CLANG_WARN_BOOL_CONVERSION = YES;
				CLANG_WARN_CONSTANT_CONVERSION = YES;
				CLANG_WARN_DIRECT_OBJC_ISA_USAGE = YES_ERROR;
				CLANG_WARN_EMPTY_BODY = YES;
				CLANG_WARN_ENUM_CONVERSION = YES;
				CLANG_WARN_INT_CONVERSION = YES;
				CLANG_WARN_OBJC_ROOT_CLASS = YES_ERROR;
				CLANG_WARN_UNREACHABLE_CODE = YES;
				CLANG_WARN__DUPLICATE_METHOD_MATCH = YES;
				"CODE_SIGN_IDENTITY[sdk=iphoneos*]" = "iPhone Developer";
				COPY_PHASE_STRIP = NO;
				DEBUG_INFORMATION_FORMAT = dwarf;
				ENABLE_STRICT_OBJC_MSGSEND = YES;
				ENABLE_TESTABILITY = YES;
				GCC_C_LANGUAGE_STANDARD = gnu99;
				GCC_DYNAMIC_NO_PIC = NO;
				GCC_NO_COMMON_BLOCKS = YES;
				GCC_OPTIMIZATION_LEVEL = 0;
				GCC_PREPROCESSOR_DEFINITIONS = (
					"DEBUG=1",
					"$(inherited)",
				);
				GCC_WARN_64_TO_32_BIT_CONVERSION = YES;
				GCC_WARN_ABOUT_RETURN_TYPE = YES_ERROR;
				GCC_WARN_UNDECLARED_SELECTOR = YES;
				GCC_WARN_UNINITIALIZED_AUTOS = YES_AGGRESSIVE;
				GCC_WARN_UNUSED_FUNCTION = YES;
				GCC_WARN_UNUSED_VARIABLE = YES;
				IPHONEOS_DEPLOYMENT_TARGET = 9.2;
				MTL_ENABLE_DEBUG_INFO = YES;
				ONLY_ACTIVE_ARCH = YES;
				SDKROOT = iphoneos;
				SWIFT_OPTIMIZATION_LEVEL = "-Onone";
			};
			name = Debug;
		};
		B28295531C883D9F0088A6B3 /* Release */ = {
			isa = XCBuildConfiguration;
			buildSettings = {
				ALWAYS_SEARCH_USER_PATHS = NO;
				CLANG_CXX_LANGUAGE_STANDARD = "gnu++0x";
				CLANG_CXX_LIBRARY = "libc++";
				CLANG_ENABLE_MODULES = YES;
				CLANG_ENABLE_OBJC_ARC = YES;
				CLANG_WARN_BOOL_CONVERSION = YES;
				CLANG_WARN_CONSTANT_CONVERSION = YES;
				CLANG_WARN_DIRECT_OBJC_ISA_USAGE = YES_ERROR;
				CLANG_WARN_EMPTY_BODY = YES;
				CLANG_WARN_ENUM_CONVERSION = YES;
				CLANG_WARN_INT_CONVERSION = YES;
				CLANG_WARN_OBJC_ROOT_CLASS = YES_ERROR;
				CLANG_WARN_UNREACHABLE_CODE = YES;
				CLANG_WARN__DUPLICATE_METHOD_MATCH = YES;
				"CODE_SIGN_IDENTITY[sdk=iphoneos*]" = "iPhone Developer";
				COPY_PHASE_STRIP = NO;
				DEBUG_INFORMATION_FORMAT = "dwarf-with-dsym";
				ENABLE_NS_ASSERTIONS = NO;
				ENABLE_STRICT_OBJC_MSGSEND = YES;
				GCC_C_LANGUAGE_STANDARD = gnu99;
				GCC_NO_COMMON_BLOCKS = YES;
				GCC_WARN_64_TO_32_BIT_CONVERSION = YES;
				GCC_WARN_ABOUT_RETURN_TYPE = YES_ERROR;
				GCC_WARN_UNDECLARED_SELECTOR = YES;
				GCC_WARN_UNINITIALIZED_AUTOS = YES_AGGRESSIVE;
				GCC_WARN_UNUSED_FUNCTION = YES;
				GCC_WARN_UNUSED_VARIABLE = YES;
				IPHONEOS_DEPLOYMENT_TARGET = 9.2;
				MTL_ENABLE_DEBUG_INFO = NO;
				SDKROOT = iphoneos;
				VALIDATE_PRODUCT = YES;
			};
			name = Release;
		};
		B28295551C883D9F0088A6B3 /* Debug */ = {
			isa = XCBuildConfiguration;
			baseConfigurationReference = D4BA9A1A5CD05DFE7F843B45 /* Pods-PickerViewTest.debug.xcconfig */;
			buildSettings = {
				ASSETCATALOG_COMPILER_APPICON_NAME = AppIcon;
				INFOPLIST_FILE = PickerViewTest/Info.plist;
				LD_RUNPATH_SEARCH_PATHS = "$(inherited) @executable_path/Frameworks";
				PRODUCT_BUNDLE_IDENTIFIER = com.johnnyketchup.PickerViewTest;
				PRODUCT_NAME = "$(TARGET_NAME)";
			};
			name = Debug;
		};
		B28295561C883D9F0088A6B3 /* Release */ = {
			isa = XCBuildConfiguration;
			baseConfigurationReference = FC390081AED26E52E87700DA /* Pods-PickerViewTest.release.xcconfig */;
			buildSettings = {
				ASSETCATALOG_COMPILER_APPICON_NAME = AppIcon;
				INFOPLIST_FILE = PickerViewTest/Info.plist;
				LD_RUNPATH_SEARCH_PATHS = "$(inherited) @executable_path/Frameworks";
				PRODUCT_BUNDLE_IDENTIFIER = com.johnnyketchup.PickerViewTest;
				PRODUCT_NAME = "$(TARGET_NAME)";
			};
			name = Release;
		};
/* End XCBuildConfiguration section */

/* Begin XCConfigurationList section */
		B282953D1C883D9F0088A6B3 /* Build configuration list for PBXProject "PickerViewTest" */ = {
			isa = XCConfigurationList;
			buildConfigurations = (
				B28295521C883D9F0088A6B3 /* Debug */,
				B28295531C883D9F0088A6B3 /* Release */,
			);
			defaultConfigurationIsVisible = 0;
			defaultConfigurationName = Release;
		};
		B28295541C883D9F0088A6B3 /* Build configuration list for PBXNativeTarget "PickerViewTest" */ = {
			isa = XCConfigurationList;
			buildConfigurations = (
				B28295551C883D9F0088A6B3 /* Debug */,
				B28295561C883D9F0088A6B3 /* Release */,
			);
			defaultConfigurationIsVisible = 0;
			defaultConfigurationName = Release;
		};
/* End XCConfigurationList section */
	};
	rootObject = B282953A1C883D9F0088A6B3 /* Project object */;
}
